
Microsoft Visual Studio Solution File, Format Version 12.00
# Visual Studio Version 16
VisualStudioVersion = 16.0.34031.81
MinimumVisualStudioVersion = 10.0.40219.1
Project("{2150E333-8FDC-42A3-9474-1A3956D46DE8}") = "Task0", "Task0", "{E144B455-0999-410C-90ED-6C8FD2863B4D}"
EndProject
Project("{FAE04EC0-301F-11D3-BF4B-00C04F79EFBC}") = "Tyuiu.YuzhakovYM.Sprint6.Task0.V18.Lib", "Tyuiu.YuzhakovYM.Sprint6.Task0.V18.Lib\Tyuiu.YuzhakovYM.Sprint6.Task0.V18.Lib.csproj", "{73AAE03A-AB16-4175-8245-DE83A835E535}"
EndProject
Project("{FAE04EC0-301F-11D3-BF4B-00C04F79EFBC}") = "Tyuiu.YuzhakovYM.Sprint6.Task0.V18.Test", "Tyuiu.YuzhakovYM.Sprint6.Task0.V18.Test\Tyuiu.YuzhakovYM.Sprint6.Task0.V18.Test.csproj", "{F32ACC8A-4D22-40E4-984C-F6BD6F61EBE6}"
EndProject
Project("{FAE04EC0-301F-11D3-BF4B-00C04F79EFBC}") = "Tyuiu.YuzhakovYM.Sprint6.Task0.V18", "Tyuiu.YuzhakovYM.Sprint6.Task0.V18\Tyuiu.YuzhakovYM.Sprint6.Task0.V18.csproj", "{A7840863-BF76-4B85-B826-D0062B5D25B3}"
EndProject
Project("{2150E333-8FDC-42A3-9474-1A3956D46DE8}") = "Task1", "Task1", "{519C5BA6-ECA6-494A-9485-3ABC59680D8F}"
EndProject
Project("{FAE04EC0-301F-11D3-BF4B-00C04F79EFBC}") = "Tyuiu.YuzhakovYM.Sprint6.Task1.V21.Lib", "Tyuiu.YuzhakovYM.Sprint6.Task1.V21.Lib\Tyuiu.YuzhakovYM.Sprint6.Task1.V21.Lib.csproj", "{CC35C3CE-A7BC-482F-B6D0-9795729EFA1B}"
EndProject
Project("{FAE04EC0-301F-11D3-BF4B-00C04F79EFBC}") = "Tyuiu.YuzhakovYM.Sprint6.Task1.V21.Test", "Tyuiu.YuzhakovYM.Sprint6.Task1.V21.Test\Tyuiu.YuzhakovYM.Sprint6.Task1.V21.Test.csproj", "{137F6391-984F-4B65-896F-3D493363BED2}"
EndProject
Project("{FAE04EC0-301F-11D3-BF4B-00C04F79EFBC}") = "Tyuiu.YuzhakovYM.Sprint6.Task1.V21", "Tyuiu.YuzhakovYM.Sprint6.Task1.V21\Tyuiu.YuzhakovYM.Sprint6.Task1.V21.csproj", "{84DB680F-26EA-4658-821F-365DDCA05A79}"
EndProject
Project("{2150E333-8FDC-42A3-9474-1A3956D46DE8}") = "Task2", "Task2", "{A13A7C86-3337-4D34-861F-E095CA45A012}"
EndProject
Project("{FAE04EC0-301F-11D3-BF4B-00C04F79EFBC}") = "Tyuiu.YuzhakovYM.Sprint6.Task2.V3.Lib", "Tyuiu.YuzhakovYM.Sprint6.Task2.V3.Lib\Tyuiu.YuzhakovYM.Sprint6.Task2.V3.Lib.csproj", "{508E96D2-36BA-454D-9ADB-D5EB640AE6E2}"
EndProject
Project("{FAE04EC0-301F-11D3-BF4B-00C04F79EFBC}") = "Tyuiu.YuzhakovYM.Sprint6.Task2.V3.Test", "Tyuiu.YuzhakovYM.Sprint6.Task2.V3.Test\Tyuiu.YuzhakovYM.Sprint6.Task2.V3.Test.csproj", "{226B3C41-C03D-4965-A974-5FB3E72F5BD8}"
EndProject
Project("{FAE04EC0-301F-11D3-BF4B-00C04F79EFBC}") = "Tyuiu.YuzhakovYM.Sprint6.Task2.V3", "Tyuiu.YuzhakovYM.Sprint6.Task2.V3\Tyuiu.YuzhakovYM.Sprint6.Task2.V3.csproj", "{2FABCDAB-8323-435D-BD53-6ADCD21AC685}"
EndProject
Project("{2150E333-8FDC-42A3-9474-1A3956D46DE8}") = "Task3", "Task3", "{60254D3A-BCCE-4A43-9FFE-5404D8FF8508}"
EndProject
Project("{FAE04EC0-301F-11D3-BF4B-00C04F79EFBC}") = "Tyuiu.YuzhakovYM.Sprint6.Task3.V14.Lib", "Tyuiu.YuzhakovYM.Sprint6.Task3.V14.Lib\Tyuiu.YuzhakovYM.Sprint6.Task3.V14.Lib.csproj", "{C630636F-6918-41AD-A465-8C719FF11E38}"
EndProject
Project("{FAE04EC0-301F-11D3-BF4B-00C04F79EFBC}") = "Tyuiu.YuzhakovYM.Sprint6.Task3.V14.Test", "Tyuiu.YuzhakovYM.Sprint6.Task3.V14.Test\Tyuiu.YuzhakovYM.Sprint6.Task3.V14.Test.csproj", "{10D2DD1F-818B-4379-AC34-633B05A61449}"
EndProject
Project("{FAE04EC0-301F-11D3-BF4B-00C04F79EFBC}") = "Tyuiu.YuzhakovYM.Sprint6.Task3.V14", "Tyuiu.YuzhakovYM.Sprint6.Task3.V14\Tyuiu.YuzhakovYM.Sprint6.Task3.V14.csproj", "{D2D9D3EC-57CE-4427-9B18-02E558D6971A}"
EndProject
Global
	GlobalSection(SolutionConfigurationPlatforms) = preSolution
		Debug|Any CPU = Debug|Any CPU
		Release|Any CPU = Release|Any CPU
	EndGlobalSection
	GlobalSection(ProjectConfigurationPlatforms) = postSolution
		{73AAE03A-AB16-4175-8245-DE83A835E535}.Debug|Any CPU.ActiveCfg = Debug|Any CPU
		{73AAE03A-AB16-4175-8245-DE83A835E535}.Debug|Any CPU.Build.0 = Debug|Any CPU
		{73AAE03A-AB16-4175-8245-DE83A835E535}.Release|Any CPU.ActiveCfg = Release|Any CPU
		{73AAE03A-AB16-4175-8245-DE83A835E535}.Release|Any CPU.Build.0 = Release|Any CPU
		{F32ACC8A-4D22-40E4-984C-F6BD6F61EBE6}.Debug|Any CPU.ActiveCfg = Debug|Any CPU
		{F32ACC8A-4D22-40E4-984C-F6BD6F61EBE6}.Debug|Any CPU.Build.0 = Debug|Any CPU
		{F32ACC8A-4D22-40E4-984C-F6BD6F61EBE6}.Release|Any CPU.ActiveCfg = Release|Any CPU
		{F32ACC8A-4D22-40E4-984C-F6BD6F61EBE6}.Release|Any CPU.Build.0 = Release|Any CPU
		{A7840863-BF76-4B85-B826-D0062B5D25B3}.Debug|Any CPU.ActiveCfg = Debug|Any CPU
		{A7840863-BF76-4B85-B826-D0062B5D25B3}.Debug|Any CPU.Build.0 = Debug|Any CPU
		{A7840863-BF76-4B85-B826-D0062B5D25B3}.Release|Any CPU.ActiveCfg = Release|Any CPU
		{A7840863-BF76-4B85-B826-D0062B5D25B3}.Release|Any CPU.Build.0 = Release|Any CPU
		{CC35C3CE-A7BC-482F-B6D0-9795729EFA1B}.Debug|Any CPU.ActiveCfg = Debug|Any CPU
		{CC35C3CE-A7BC-482F-B6D0-9795729EFA1B}.Debug|Any CPU.Build.0 = Debug|Any CPU
		{CC35C3CE-A7BC-482F-B6D0-9795729EFA1B}.Release|Any CPU.ActiveCfg = Release|Any CPU
		{CC35C3CE-A7BC-482F-B6D0-9795729EFA1B}.Release|Any CPU.Build.0 = Release|Any CPU
		{137F6391-984F-4B65-896F-3D493363BED2}.Debug|Any CPU.ActiveCfg = Debug|Any CPU
		{137F6391-984F-4B65-896F-3D493363BED2}.Debug|Any CPU.Build.0 = Debug|Any CPU
		{137F6391-984F-4B65-896F-3D493363BED2}.Release|Any CPU.ActiveCfg = Release|Any CPU
		{137F6391-984F-4B65-896F-3D493363BED2}.Release|Any CPU.Build.0 = Release|Any CPU
		{84DB680F-26EA-4658-821F-365DDCA05A79}.Debug|Any CPU.ActiveCfg = Debug|Any CPU
		{84DB680F-26EA-4658-821F-365DDCA05A79}.Debug|Any CPU.Build.0 = Debug|Any CPU
		{84DB680F-26EA-4658-821F-365DDCA05A79}.Release|Any CPU.ActiveCfg = Release|Any CPU
		{84DB680F-26EA-4658-821F-365DDCA05A79}.Release|Any CPU.Build.0 = Release|Any CPU
		{508E96D2-36BA-454D-9ADB-D5EB640AE6E2}.Debug|Any CPU.ActiveCfg = Debug|Any CPU
		{508E96D2-36BA-454D-9ADB-D5EB640AE6E2}.Debug|Any CPU.Build.0 = Debug|Any CPU
		{508E96D2-36BA-454D-9ADB-D5EB640AE6E2}.Release|Any CPU.ActiveCfg = Release|Any CPU
		{508E96D2-36BA-454D-9ADB-D5EB640AE6E2}.Release|Any CPU.Build.0 = Release|Any CPU
		{226B3C41-C03D-4965-A974-5FB3E72F5BD8}.Debug|Any CPU.ActiveCfg = Debug|Any CPU
		{226B3C41-C03D-4965-A974-5FB3E72F5BD8}.Debug|Any CPU.Build.0 = Debug|Any CPU
		{226B3C41-C03D-4965-A974-5FB3E72F5BD8}.Release|Any CPU.ActiveCfg = Release|Any CPU
		{226B3C41-C03D-4965-A974-5FB3E72F5BD8}.Release|Any CPU.Build.0 = Release|Any CPU
		{2FABCDAB-8323-435D-BD53-6ADCD21AC685}.Debug|Any CPU.ActiveCfg = Debug|Any CPU
		{2FABCDAB-8323-435D-BD53-6ADCD21AC685}.Debug|Any CPU.Build.0 = Debug|Any CPU
		{2FABCDAB-8323-435D-BD53-6ADCD21AC685}.Release|Any CPU.ActiveCfg = Release|Any CPU
		{2FABCDAB-8323-435D-BD53-6ADCD21AC685}.Release|Any CPU.Build.0 = Release|Any CPU
		{C630636F-6918-41AD-A465-8C719FF11E38}.Debug|Any CPU.ActiveCfg = Debug|Any CPU
		{C630636F-6918-41AD-A465-8C719FF11E38}.Debug|Any CPU.Build.0 = Debug|Any CPU
		{C630636F-6918-41AD-A465-8C719FF11E38}.Release|Any CPU.ActiveCfg = Release|Any CPU
		{C630636F-6918-41AD-A465-8C719FF11E38}.Release|Any CPU.Build.0 = Release|Any CPU
		{10D2DD1F-818B-4379-AC34-633B05A61449}.Debug|Any CPU.ActiveCfg = Debug|Any CPU
		{10D2DD1F-818B-4379-AC34-633B05A61449}.Debug|Any CPU.Build.0 = Debug|Any CPU
		{10D2DD1F-818B-4379-AC34-633B05A61449}.Release|Any CPU.ActiveCfg = Release|Any CPU
		{10D2DD1F-818B-4379-AC34-633B05A61449}.Release|Any CPU.Build.0 = Release|Any CPU
		{D2D9D3EC-57CE-4427-9B18-02E558D6971A}.Debug|Any CPU.ActiveCfg = Debug|Any CPU
		{D2D9D3EC-57CE-4427-9B18-02E558D6971A}.Debug|Any CPU.Build.0 = Debug|Any CPU
		{D2D9D3EC-57CE-4427-9B18-02E558D6971A}.Release|Any CPU.ActiveCfg = Release|Any CPU
		{D2D9D3EC-57CE-4427-9B18-02E558D6971A}.Release|Any CPU.Build.0 = Release|Any CPU
	EndGlobalSection
	GlobalSection(SolutionProperties) = preSolution
		HideSolutionNode = FALSE
	EndGlobalSection
	GlobalSection(NestedProjects) = preSolution
		{73AAE03A-AB16-4175-8245-DE83A835E535} = {E144B455-0999-410C-90ED-6C8FD2863B4D}
		{F32ACC8A-4D22-40E4-984C-F6BD6F61EBE6} = {E144B455-0999-410C-90ED-6C8FD2863B4D}
		{A7840863-BF76-4B85-B826-D0062B5D25B3} = {E144B455-0999-410C-90ED-6C8FD2863B4D}
		{CC35C3CE-A7BC-482F-B6D0-9795729EFA1B} = {519C5BA6-ECA6-494A-9485-3ABC59680D8F}
		{137F6391-984F-4B65-896F-3D493363BED2} = {519C5BA6-ECA6-494A-9485-3ABC59680D8F}
		{84DB680F-26EA-4658-821F-365DDCA05A79} = {519C5BA6-ECA6-494A-9485-3ABC59680D8F}
		{508E96D2-36BA-454D-9ADB-D5EB640AE6E2} = {A13A7C86-3337-4D34-861F-E095CA45A012}
		{226B3C41-C03D-4965-A974-5FB3E72F5BD8} = {A13A7C86-3337-4D34-861F-E095CA45A012}
		{2FABCDAB-8323-435D-BD53-6ADCD21AC685} = {A13A7C86-3337-4D34-861F-E095CA45A012}
		{C630636F-6918-41AD-A465-8C719FF11E38} = {60254D3A-BCCE-4A43-9FFE-5404D8FF8508}
		{10D2DD1F-818B-4379-AC34-633B05A61449} = {60254D3A-BCCE-4A43-9FFE-5404D8FF8508}
		{D2D9D3EC-57CE-4427-9B18-02E558D6971A} = {60254D3A-BCCE-4A43-9FFE-5404D8FF8508}
	EndGlobalSection
	GlobalSection(ExtensibilityGlobals) = postSolution
		SolutionGuid = {11F285B8-392C-43CF-9785-703E74469D99}
	EndGlobalSection
EndGlobal
